
Microsoft Visual Studio Solution File, Format Version 12.00
# Visual Studio 2012
Project("{FAE04EC0-301F-11D3-BF4B-00C04F79EFBC}") = "JSchBindings", "JSchBindings\JSchBindings.csproj", "{A61A7335-1985-45B0-B07E-A61B7299C8DD}"
EndProject
Global
	GlobalSection(SolutionConfigurationPlatforms) = preSolution
		Debug|Any CPU = Debug|Any CPU
		Release|Any CPU = Release|Any CPU
	EndGlobalSection
	GlobalSection(ProjectConfigurationPlatforms) = postSolution
		{A61A7335-1985-45B0-B07E-A61B7299C8DD}.Debug|Any CPU.ActiveCfg = Debug|Any CPU
		{A61A7335-1985-45B0-B07E-A61B7299C8DD}.Debug|Any CPU.Build.0 = Debug|Any CPU
		{A61A7335-1985-45B0-B07E-A61B7299C8DD}.Release|Any CPU.ActiveCfg = Release|Any CPU
		{A61A7335-1985-45B0-B07E-A61B7299C8DD}.Release|Any CPU.Build.0 = Release|Any CPU
	EndGlobalSection
	GlobalSection(MonoDevelopProperties) = preSolution
		StartupItem = JSchBindings\JSchBindings.csproj
	EndGlobalSection
EndGlobal
